
Microsoft Visual Studio Solution File, Format Version 12.00
# Visual Studio Version 16
VisualStudioVersion = 16.0.29613.14
MinimumVisualStudioVersion = 10.0.40219.1
Project("{FAE04EC0-301F-11D3-BF4B-00C04F79EFBC}") = "CandyShop", "CandyShop\CandyShop.csproj", "{0674ADAF-14D6-4F97-928B-61F4C3257568}"
EndProject
Global
	GlobalSection(SolutionConfigurationPlatforms) = preSolution
		Debug|Any CPU = Debug|Any CPU
		Release|Any CPU = Release|Any CPU
	EndGlobalSection
	GlobalSection(ProjectConfigurationPlatforms) = postSolution
		{0674ADAF-14D6-4F97-928B-61F4C3257568}.Debug|Any CPU.ActiveCfg = Debug|Any CPU
		{0674ADAF-14D6-4F97-928B-61F4C3257568}.Debug|Any CPU.Build.0 = Debug|Any CPU
		{0674ADAF-14D6-4F97-928B-61F4C3257568}.Release|Any CPU.ActiveCfg = Release|Any CPU
		{0674ADAF-14D6-4F97-928B-61F4C3257568}.Release|Any CPU.Build.0 = Release|Any CPU
	EndGlobalSection
	GlobalSection(SolutionProperties) = preSolution
		HideSolutionNode = FALSE
	EndGlobalSection
	GlobalSection(ExtensibilityGlobals) = postSolution
		SolutionGuid = {7E55C78B-9027-4F1A-BCB1-0984A3A23216}
	EndGlobalSection
EndGlobal
